{
  "lockfileVersion": 1,
  "workspaces": {
    "": {
      "name": "common",
      "dependencies": {
        "zod": "^4.0.5",
      },
    },
  },
  "packages": {
    "zod": ["zod@4.0.5", "", {}, "sha512-/5UuuRPStvHXu7RS+gmvRf4NXrNxpSllGwDnCBcJZtQsKrviYXm54yDGV2KYNLT5kq0lHGcl7lqWJLgSaG+tgA=="],
  }
}
